
Microsoft Visual Studio Solution File, Format Version 12.00
# Visual Studio 14
VisualStudioVersion = 14.0.24720.0
MinimumVisualStudioVersion = 10.0.40219.1
Project("{2150E333-8FDC-42A3-9474-1A3956D46DE8}") = "src", "src", "{7167FBED-4780-44CB-ACD7-F02DFCB226CC}"
EndProject
Project("{8BB2217D-0F2D-49D1-97BC-3654ED321F3B}") = "listing", "src\listing\listing.xproj", "{FD3ACEAD-A213-42FE-BBDD-836AA714D556}"
EndProject
Project("{2150E333-8FDC-42A3-9474-1A3956D46DE8}") = "Solution Items", "Solution Items", "{2642509C-777B-426B-B66B-5F086EE38584}"
	ProjectSection(SolutionItems) = preProject
		docker-compose.yml = docker-compose.yml
		global.json = global.json
		readme.md = readme.md
	EndProjectSection
EndProject
Project("{2150E333-8FDC-42A3-9474-1A3956D46DE8}") = "tests", "tests", "{2F235EE9-6612-40D5-B0BB-2851047166ED}"
EndProject
Project("{8BB2217D-0F2D-49D1-97BC-3654ED321F3B}") = "listing-tests", "tests\listing-tests\listing-tests.xproj", "{D2D25B68-7991-40E2-A4D7-A3B5C1B26AA8}"
EndProject
Global
	GlobalSection(SolutionConfigurationPlatforms) = preSolution
		Debug|Any CPU = Debug|Any CPU
		Release|Any CPU = Release|Any CPU
	EndGlobalSection
	GlobalSection(ProjectConfigurationPlatforms) = postSolution
		{FD3ACEAD-A213-42FE-BBDD-836AA714D556}.Debug|Any CPU.ActiveCfg = Debug|Any CPU
		{FD3ACEAD-A213-42FE-BBDD-836AA714D556}.Debug|Any CPU.Build.0 = Debug|Any CPU
		{FD3ACEAD-A213-42FE-BBDD-836AA714D556}.Release|Any CPU.ActiveCfg = Release|Any CPU
		{FD3ACEAD-A213-42FE-BBDD-836AA714D556}.Release|Any CPU.Build.0 = Release|Any CPU
		{D2D25B68-7991-40E2-A4D7-A3B5C1B26AA8}.Debug|Any CPU.ActiveCfg = Debug|Any CPU
		{D2D25B68-7991-40E2-A4D7-A3B5C1B26AA8}.Debug|Any CPU.Build.0 = Debug|Any CPU
		{D2D25B68-7991-40E2-A4D7-A3B5C1B26AA8}.Release|Any CPU.ActiveCfg = Release|Any CPU
		{D2D25B68-7991-40E2-A4D7-A3B5C1B26AA8}.Release|Any CPU.Build.0 = Release|Any CPU
	EndGlobalSection
	GlobalSection(SolutionProperties) = preSolution
		HideSolutionNode = FALSE
	EndGlobalSection
	GlobalSection(NestedProjects) = preSolution
		{FD3ACEAD-A213-42FE-BBDD-836AA714D556} = {7167FBED-4780-44CB-ACD7-F02DFCB226CC}
		{D2D25B68-7991-40E2-A4D7-A3B5C1B26AA8} = {2F235EE9-6612-40D5-B0BB-2851047166ED}
	EndGlobalSection
EndGlobal
