
Microsoft Visual Studio Solution File, Format Version 12.00
# Visual Studio 14
VisualStudioVersion = 14.0.24720.0
MinimumVisualStudioVersion = 10.0.40219.1
Project("{2150E333-8FDC-42A3-9474-1A3956D46DE8}") = "src", "src", "{7167FBED-4780-44CB-ACD7-F02DFCB226CC}"
EndProject
Project("{2150E333-8FDC-42A3-9474-1A3956D46DE8}") = "tests", "tests", "{2F235EE9-6612-40D5-B0BB-2851047166ED}"
EndProject
Project("{2150E333-8FDC-42A3-9474-1A3956D46DE8}") = "listing", "listing", "{BC269530-D97C-4234-9980-B0F79ED9ADAD}"
EndProject
Project("{8BB2217D-0F2D-49D1-97BC-3654ED321F3B}") = "listing", "listing\src\listing.xproj", "{FD3ACEAD-A213-42FE-BBDD-836AA714D556}"
EndProject
Project("{8BB2217D-0F2D-49D1-97BC-3654ED321F3B}") = "tests", "listing\tests\tests.xproj", "{CF13BBB4-B839-44C8-98F2-195218292159}"
EndProject
Global
	GlobalSection(SolutionConfigurationPlatforms) = preSolution
		Debug|Any CPU = Debug|Any CPU
		Release|Any CPU = Release|Any CPU
	EndGlobalSection
	GlobalSection(ProjectConfigurationPlatforms) = postSolution
		{FD3ACEAD-A213-42FE-BBDD-836AA714D556}.Debug|Any CPU.ActiveCfg = Debug|Any CPU
		{FD3ACEAD-A213-42FE-BBDD-836AA714D556}.Debug|Any CPU.Build.0 = Debug|Any CPU
		{FD3ACEAD-A213-42FE-BBDD-836AA714D556}.Release|Any CPU.ActiveCfg = Release|Any CPU
		{FD3ACEAD-A213-42FE-BBDD-836AA714D556}.Release|Any CPU.Build.0 = Release|Any CPU
		{CF13BBB4-B839-44C8-98F2-195218292159}.Debug|Any CPU.ActiveCfg = Debug|Any CPU
		{CF13BBB4-B839-44C8-98F2-195218292159}.Debug|Any CPU.Build.0 = Debug|Any CPU
		{CF13BBB4-B839-44C8-98F2-195218292159}.Release|Any CPU.ActiveCfg = Release|Any CPU
		{CF13BBB4-B839-44C8-98F2-195218292159}.Release|Any CPU.Build.0 = Release|Any CPU
	EndGlobalSection
	GlobalSection(SolutionProperties) = preSolution
		HideSolutionNode = FALSE
	EndGlobalSection
	GlobalSection(NestedProjects) = preSolution
		{7167FBED-4780-44CB-ACD7-F02DFCB226CC} = {BC269530-D97C-4234-9980-B0F79ED9ADAD}
		{2F235EE9-6612-40D5-B0BB-2851047166ED} = {BC269530-D97C-4234-9980-B0F79ED9ADAD}
		{FD3ACEAD-A213-42FE-BBDD-836AA714D556} = {7167FBED-4780-44CB-ACD7-F02DFCB226CC}
		{CF13BBB4-B839-44C8-98F2-195218292159} = {2F235EE9-6612-40D5-B0BB-2851047166ED}
	EndGlobalSection
EndGlobal
